// !$*UTF8*$!
{
	archiveVersion = 1;
	classes = {
	};
	objectVersion = 56;
	objects = {

/* Begin PBXBuildFile section */
		0524D9AF2C4A8A7000DD8541 /* AppDelegate.swift in Sources */ = {isa = PBXBuildFile; fileRef = 0524D9AE2C4A8A7000DD8541 /* AppDelegate.swift */; };
		0524D9B12C4A8A7000DD8541 /* SceneDelegate.swift in Sources */ = {isa = PBXBuildFile; fileRef = 0524D9B02C4A8A7000DD8541 /* SceneDelegate.swift */; };
		0524D9B32C4A8A7000DD8541 /* ChatViewController.swift in Sources */ = {isa = PBXBuildFile; fileRef = 0524D9B22C4A8A7000DD8541 /* ChatViewController.swift */; };
		0524D9B62C4A8A7000DD8541 /* Base in Resources */ = {isa = PBXBuildFile; fileRef = 0524D9B52C4A8A7000DD8541 /* Base */; };
		0524D9B82C4A8A7200DD8541 /* Assets.xcassets in Resources */ = {isa = PBXBuildFile; fileRef = 0524D9B72C4A8A7200DD8541 /* Assets.xcassets */; };
		0524D9BB2C4A8A7200DD8541 /* Base in Resources */ = {isa = PBXBuildFile; fileRef = 0524D9BA2C4A8A7200DD8541 /* Base */; };
		0524D9C72C4AB2D500DD8541 /* ReusableCell.swift in Sources */ = {isa = PBXBuildFile; fileRef = 0524D9C62C4AB2D500DD8541 /* ReusableCell.swift */; };
		0524D9C92C4AB35600DD8541 /* NibMakable.swift in Sources */ = {isa = PBXBuildFile; fileRef = 0524D9C82C4AB35600DD8541 /* NibMakable.swift */; };
		0524D9CC2C4AB68500DD8541 /* UICollectionView.swift in Sources */ = {isa = PBXBuildFile; fileRef = 0524D9CB2C4AB68500DD8541 /* UICollectionView.swift */; };
/* End PBXBuildFile section */

/* Begin PBXFileReference section */
		0524D9AB2C4A8A7000DD8541 /* MessagerSwift.app */ = {isa = PBXFileReference; explicitFileType = wrapper.application; includeInIndex = 0; path = MessagerSwift.app; sourceTree = BUILT_PRODUCTS_DIR; };
		0524D9AE2C4A8A7000DD8541 /* AppDelegate.swift */ = {isa = PBXFileReference; lastKnownFileType = sourcecode.swift; path = AppDelegate.swift; sourceTree = "<group>"; };
		0524D9B02C4A8A7000DD8541 /* SceneDelegate.swift */ = {isa = PBXFileReference; lastKnownFileType = sourcecode.swift; path = SceneDelegate.swift; sourceTree = "<group>"; };
		0524D9B22C4A8A7000DD8541 /* ChatViewController.swift */ = {isa = PBXFileReference; lastKnownFileType = sourcecode.swift; path = ChatViewController.swift; sourceTree = "<group>"; };
		0524D9B52C4A8A7000DD8541 /* Base */ = {isa = PBXFileReference; lastKnownFileType = file.storyboard; name = Base; path = Base.lproj/Main.storyboard; sourceTree = "<group>"; };
		0524D9B72C4A8A7200DD8541 /* Assets.xcassets */ = {isa = PBXFileReference; lastKnownFileType = folder.assetcatalog; path = Assets.xcassets; sourceTree = "<group>"; };
		0524D9BA2C4A8A7200DD8541 /* Base */ = {isa = PBXFileReference; lastKnownFileType = file.storyboard; name = Base; path = Base.lproj/LaunchScreen.storyboard; sourceTree = "<group>"; };
		0524D9BC2C4A8A7200DD8541 /* Info.plist */ = {isa = PBXFileReference; lastKnownFileType = text.plist.xml; path = Info.plist; sourceTree = "<group>"; };
		0524D9C62C4AB2D500DD8541 /* ReusableCell.swift */ = {isa = PBXFileReference; lastKnownFileType = sourcecode.swift; path = ReusableCell.swift; sourceTree = "<group>"; };
		0524D9C82C4AB35600DD8541 /* NibMakable.swift */ = {isa = PBXFileReference; lastKnownFileType = sourcecode.swift; path = NibMakable.swift; sourceTree = "<group>"; };
		0524D9CB2C4AB68500DD8541 /* UICollectionView.swift */ = {isa = PBXFileReference; lastKnownFileType = sourcecode.swift; path = UICollectionView.swift; sourceTree = "<group>"; };
/* End PBXFileReference section */

/* Begin PBXFrameworksBuildPhase section */
		0524D9A82C4A8A7000DD8541 /* Frameworks */ = {
			isa = PBXFrameworksBuildPhase;
			buildActionMask = 2147483647;
			files = (
			);
			runOnlyForDeploymentPostprocessing = 0;
		};
/* End PBXFrameworksBuildPhase section */

/* Begin PBXGroup section */
		0524D9A22C4A8A7000DD8541 = {
			isa = PBXGroup;
			children = (
				0524D9AD2C4A8A7000DD8541 /* MessagerSwift */,
				0524D9AC2C4A8A7000DD8541 /* Products */,
			);
			sourceTree = "<group>";
		};
		0524D9AC2C4A8A7000DD8541 /* Products */ = {
			isa = PBXGroup;
			children = (
				0524D9AB2C4A8A7000DD8541 /* MessagerSwift.app */,
			);
			name = Products;
			sourceTree = "<group>";
		};
		0524D9AD2C4A8A7000DD8541 /* MessagerSwift */ = {
			isa = PBXGroup;
			children = (
				0524D9C32C4AAF7300DD8541 /* App */,
				0524D9C52C4AB29E00DD8541 /* Protocols */,
				0524D9CA2C4AB39700DD8541 /* Extensions */,
				0524D9C42C4AAF9100DD8541 /* Chat */,
				0524D9C22C4AAF5C00DD8541 /* Resources */,
				0524D9BC2C4A8A7200DD8541 /* Info.plist */,
			);
			path = MessagerSwift;
			sourceTree = "<group>";
		};
		0524D9C22C4AAF5C00DD8541 /* Resources */ = {
			isa = PBXGroup;
			children = (
				0524D9CD2C4AB6AB00DD8541 /* Storyboards */,
				0524D9CE2C4AB6C000DD8541 /* Assets */,
			);
			path = Resources;
			sourceTree = "<group>";
		};
		0524D9C32C4AAF7300DD8541 /* App */ = {
			isa = PBXGroup;
			children = (
				0524D9AE2C4A8A7000DD8541 /* AppDelegate.swift */,
				0524D9B02C4A8A7000DD8541 /* SceneDelegate.swift */,
			);
			path = App;
			sourceTree = "<group>";
		};
		0524D9C42C4AAF9100DD8541 /* Chat */ = {
			isa = PBXGroup;
			children = (
				0524D9B22C4A8A7000DD8541 /* ChatViewController.swift */,
			);
			path = Chat;
			sourceTree = "<group>";
		};
		0524D9C52C4AB29E00DD8541 /* Protocols */ = {
			isa = PBXGroup;
			children = (
				0524D9C62C4AB2D500DD8541 /* ReusableCell.swift */,
				0524D9C82C4AB35600DD8541 /* NibMakable.swift */,
			);
			path = Protocols;
			sourceTree = "<group>";
		};
		0524D9CA2C4AB39700DD8541 /* Extensions */ = {
			isa = PBXGroup;
			children = (
				0524D9CB2C4AB68500DD8541 /* UICollectionView.swift */,
			);
			path = Extensions;
			sourceTree = "<group>";
		};
		0524D9CD2C4AB6AB00DD8541 /* Storyboards */ = {
			isa = PBXGroup;
			children = (
				0524D9B92C4A8A7200DD8541 /* LaunchScreen.storyboard */,
				0524D9B42C4A8A7000DD8541 /* Main.storyboard */,
			);
			path = Storyboards;
			sourceTree = "<group>";
		};
		0524D9CE2C4AB6C000DD8541 /* Assets */ = {
			isa = PBXGroup;
			children = (
				0524D9B72C4A8A7200DD8541 /* Assets.xcassets */,
			);
			path = Assets;
			sourceTree = "<group>";
		};
/* End PBXGroup section */

/* Begin PBXNativeTarget section */
		0524D9AA2C4A8A7000DD8541 /* MessagerSwift */ = {
			isa = PBXNativeTarget;
			buildConfigurationList = 0524D9BF2C4A8A7200DD8541 /* Build configuration list for PBXNativeTarget "MessagerSwift" */;
			buildPhases = (
				0524D9A72C4A8A7000DD8541 /* Sources */,
				0524D9A82C4A8A7000DD8541 /* Frameworks */,
				0524D9A92C4A8A7000DD8541 /* Resources */,
			);
			buildRules = (
			);
			dependencies = (
			);
			name = MessagerSwift;
			productName = MessagerSwift;
			productReference = 0524D9AB2C4A8A7000DD8541 /* MessagerSwift.app */;
			productType = "com.apple.product-type.application";
		};
/* End PBXNativeTarget section */

/* Begin PBXProject section */
		0524D9A32C4A8A7000DD8541 /* Project object */ = {
			isa = PBXProject;
			attributes = {
				BuildIndependentTargetsInParallel = 1;
				LastSwiftUpdateCheck = 1540;
				LastUpgradeCheck = 1540;
				TargetAttributes = {
					0524D9AA2C4A8A7000DD8541 = {
						CreatedOnToolsVersion = 15.4;
					};
				};
			};
			buildConfigurationList = 0524D9A62C4A8A7000DD8541 /* Build configuration list for PBXProject "MessagerSwift" */;
			compatibilityVersion = "Xcode 14.0";
			developmentRegion = en;
			hasScannedForEncodings = 0;
			knownRegions = (
				en,
				Base,
			);
			mainGroup = 0524D9A22C4A8A7000DD8541;
			productRefGroup = 0524D9AC2C4A8A7000DD8541 /* Products */;
			projectDirPath = "";
			projectRoot = "";
			targets = (
				0524D9AA2C4A8A7000DD8541 /* MessagerSwift */,
			);
		};
/* End PBXProject section */

/* Begin PBXResourcesBuildPhase section */
		0524D9A92C4A8A7000DD8541 /* Resources */ = {
			isa = PBXResourcesBuildPhase;
			buildActionMask = 2147483647;
			files = (
				0524D9B82C4A8A7200DD8541 /* Assets.xcassets in Resources */,
				0524D9BB2C4A8A7200DD8541 /* Base in Resources */,
				0524D9B62C4A8A7000DD8541 /* Base in Resources */,
			);
			runOnlyForDeploymentPostprocessing = 0;
		};
/* End PBXResourcesBuildPhase section */

/* Begin PBXSourcesBuildPhase section */
		0524D9A72C4A8A7000DD8541 /* Sources */ = {
			isa = PBXSourcesBuildPhase;
			buildActionMask = 2147483647;
			files = (
				0524D9CC2C4AB68500DD8541 /* UICollectionView.swift in Sources */,
				0524D9C72C4AB2D500DD8541 /* ReusableCell.swift in Sources */,
				0524D9B32C4A8A7000DD8541 /* ChatViewController.swift in Sources */,
				0524D9AF2C4A8A7000DD8541 /* AppDelegate.swift in Sources */,
				0524D9C92C4AB35600DD8541 /* NibMakable.swift in Sources */,
				0524D9B12C4A8A7000DD8541 /* SceneDelegate.swift in Sources */,
			);
			runOnlyForDeploymentPostprocessing = 0;
		};
/* End PBXSourcesBuildPhase section */

/* Begin PBXVariantGroup section */
		0524D9B42C4A8A7000DD8541 /* Main.storyboard */ = {
			isa = PBXVariantGroup;
			children = (
				0524D9B52C4A8A7000DD8541 /* Base */,
			);
			name = Main.storyboard;
			sourceTree = "<group>";
		};
		0524D9B92C4A8A7200DD8541 /* LaunchScreen.storyboard */ = {
			isa = PBXVariantGroup;
			children = (
				0524D9BA2C4A8A7200DD8541 /* Base */,
			);
			name = LaunchScreen.storyboard;
			sourceTree = "<group>";
		};
/* End PBXVariantGroup section */

/* Begin XCBuildConfiguration section */
		0524D9BD2C4A8A7200DD8541 /* Debug */ = {
			isa = XCBuildConfiguration;
			buildSettings = {
				ALWAYS_SEARCH_USER_PATHS = NO;
				ASSETCATALOG_COMPILER_GENERATE_SWIFT_ASSET_SYMBOL_EXTENSIONS = YES;
				CLANG_ANALYZER_NONNULL = YES;
				CLANG_ANALYZER_NUMBER_OBJECT_CONVERSION = YES_AGGRESSIVE;
				CLANG_CXX_LANGUAGE_STANDARD = "gnu++20";
				CLANG_ENABLE_MODULES = YES;
				CLANG_ENABLE_OBJC_ARC = YES;
				CLANG_ENABLE_OBJC_WEAK = YES;
				CLANG_WARN_BLOCK_CAPTURE_AUTORELEASING = YES;
				CLANG_WARN_BOOL_CONVERSION = YES;
				CLANG_WARN_COMMA = YES;
				CLANG_WARN_CONSTANT_CONVERSION = YES;
				CLANG_WARN_DEPRECATED_OBJC_IMPLEMENTATIONS = YES;
				CLANG_WARN_DIRECT_OBJC_ISA_USAGE = YES_ERROR;
				CLANG_WARN_DOCUMENTATION_COMMENTS = YES;
				CLANG_WARN_EMPTY_BODY = YES;
				CLANG_WARN_ENUM_CONVERSION = YES;
				CLANG_WARN_INFINITE_RECURSION = YES;
				CLANG_WARN_INT_CONVERSION = YES;
				CLANG_WARN_NON_LITERAL_NULL_CONVERSION = YES;
				CLANG_WARN_OBJC_IMPLICIT_RETAIN_SELF = YES;
				CLANG_WARN_OBJC_LITERAL_CONVERSION = YES;
				CLANG_WARN_OBJC_ROOT_CLASS = YES_ERROR;
				CLANG_WARN_QUOTED_INCLUDE_IN_FRAMEWORK_HEADER = YES;
				CLANG_WARN_RANGE_LOOP_ANALYSIS = YES;
				CLANG_WARN_STRICT_PROTOTYPES = YES;
				CLANG_WARN_SUSPICIOUS_MOVE = YES;
				CLANG_WARN_UNGUARDED_AVAILABILITY = YES_AGGRESSIVE;
				CLANG_WARN_UNREACHABLE_CODE = YES;
				CLANG_WARN__DUPLICATE_METHOD_MATCH = YES;
				COPY_PHASE_STRIP = NO;
				DEBUG_INFORMATION_FORMAT = dwarf;
				ENABLE_STRICT_OBJC_MSGSEND = YES;
				ENABLE_TESTABILITY = YES;
				ENABLE_USER_SCRIPT_SANDBOXING = YES;
				GCC_C_LANGUAGE_STANDARD = gnu17;
				GCC_DYNAMIC_NO_PIC = NO;
				GCC_NO_COMMON_BLOCKS = YES;
				GCC_OPTIMIZATION_LEVEL = 0;
				GCC_PREPROCESSOR_DEFINITIONS = (
					"DEBUG=1",
					"$(inherited)",
				);
				GCC_WARN_64_TO_32_BIT_CONVERSION = YES;
				GCC_WARN_ABOUT_RETURN_TYPE = YES_ERROR;
				GCC_WARN_UNDECLARED_SELECTOR = YES;
				GCC_WARN_UNINITIALIZED_AUTOS = YES_AGGRESSIVE;
				GCC_WARN_UNUSED_FUNCTION = YES;
				GCC_WARN_UNUSED_VARIABLE = YES;
				IPHONEOS_DEPLOYMENT_TARGET = 17.5;
				LOCALIZATION_PREFERS_STRING_CATALOGS = YES;
				MTL_ENABLE_DEBUG_INFO = INCLUDE_SOURCE;
				MTL_FAST_MATH = YES;
				ONLY_ACTIVE_ARCH = YES;
				SDKROOT = iphoneos;
				SWIFT_ACTIVE_COMPILATION_CONDITIONS = "DEBUG $(inherited)";
				SWIFT_OPTIMIZATION_LEVEL = "-Onone";
			};
			name = Debug;
		};
		0524D9BE2C4A8A7200DD8541 /* Release */ = {
			isa = XCBuildConfiguration;
			buildSettings = {
				ALWAYS_SEARCH_USER_PATHS = NO;
				ASSETCATALOG_COMPILER_GENERATE_SWIFT_ASSET_SYMBOL_EXTENSIONS = YES;
				CLANG_ANALYZER_NONNULL = YES;
				CLANG_ANALYZER_NUMBER_OBJECT_CONVERSION = YES_AGGRESSIVE;
				CLANG_CXX_LANGUAGE_STANDARD = "gnu++20";
				CLANG_ENABLE_MODULES = YES;
				CLANG_ENABLE_OBJC_ARC = YES;
				CLANG_ENABLE_OBJC_WEAK = YES;
				CLANG_WARN_BLOCK_CAPTURE_AUTORELEASING = YES;
				CLANG_WARN_BOOL_CONVERSION = YES;
				CLANG_WARN_COMMA = YES;
				CLANG_WARN_CONSTANT_CONVERSION = YES;
				CLANG_WARN_DEPRECATED_OBJC_IMPLEMENTATIONS = YES;
				CLANG_WARN_DIRECT_OBJC_ISA_USAGE = YES_ERROR;
				CLANG_WARN_DOCUMENTATION_COMMENTS = YES;
				CLANG_WARN_EMPTY_BODY = YES;
				CLANG_WARN_ENUM_CONVERSION = YES;
				CLANG_WARN_INFINITE_RECURSION = YES;
				CLANG_WARN_INT_CONVERSION = YES;
				CLANG_WARN_NON_LITERAL_NULL_CONVERSION = YES;
				CLANG_WARN_OBJC_IMPLICIT_RETAIN_SELF = YES;
				CLANG_WARN_OBJC_LITERAL_CONVERSION = YES;
				CLANG_WARN_OBJC_ROOT_CLASS = YES_ERROR;
				CLANG_WARN_QUOTED_INCLUDE_IN_FRAMEWORK_HEADER = YES;
				CLANG_WARN_RANGE_LOOP_ANALYSIS = YES;
				CLANG_WARN_STRICT_PROTOTYPES = YES;
				CLANG_WARN_SUSPICIOUS_MOVE = YES;
				CLANG_WARN_UNGUARDED_AVAILABILITY = YES_AGGRESSIVE;
				CLANG_WARN_UNREACHABLE_CODE = YES;
				CLANG_WARN__DUPLICATE_METHOD_MATCH = YES;
				COPY_PHASE_STRIP = NO;
				DEBUG_INFORMATION_FORMAT = "dwarf-with-dsym";
				ENABLE_NS_ASSERTIONS = NO;
				ENABLE_STRICT_OBJC_MSGSEND = YES;
				ENABLE_USER_SCRIPT_SANDBOXING = YES;
				GCC_C_LANGUAGE_STANDARD = gnu17;
				GCC_NO_COMMON_BLOCKS = YES;
				GCC_WARN_64_TO_32_BIT_CONVERSION = YES;
				GCC_WARN_ABOUT_RETURN_TYPE = YES_ERROR;
				GCC_WARN_UNDECLARED_SELECTOR = YES;
				GCC_WARN_UNINITIALIZED_AUTOS = YES_AGGRESSIVE;
				GCC_WARN_UNUSED_FUNCTION = YES;
				GCC_WARN_UNUSED_VARIABLE = YES;
				IPHONEOS_DEPLOYMENT_TARGET = 17.5;
				LOCALIZATION_PREFERS_STRING_CATALOGS = YES;
				MTL_ENABLE_DEBUG_INFO = NO;
				MTL_FAST_MATH = YES;
				SDKROOT = iphoneos;
				SWIFT_COMPILATION_MODE = wholemodule;
				VALIDATE_PRODUCT = YES;
			};
			name = Release;
		};
		0524D9C02C4A8A7200DD8541 /* Debug */ = {
			isa = XCBuildConfiguration;
			buildSettings = {
				ASSETCATALOG_COMPILER_APPICON_NAME = AppIcon;
				ASSETCATALOG_COMPILER_GLOBAL_ACCENT_COLOR_NAME = AccentColor;
				CODE_SIGN_STYLE = Automatic;
				CURRENT_PROJECT_VERSION = 1;
				DEVELOPMENT_TEAM = UHJFHS6M7R;
				GENERATE_INFOPLIST_FILE = YES;
				INFOPLIST_FILE = MessagerSwift/Info.plist;
				INFOPLIST_KEY_CFBundleDisplayName = TestMessager;
				INFOPLIST_KEY_LSApplicationCategoryType = "public.app-category.entertainment";
				INFOPLIST_KEY_UIApplicationSupportsIndirectInputEvents = YES;
				INFOPLIST_KEY_UILaunchStoryboardName = LaunchScreen;
				INFOPLIST_KEY_UIMainStoryboardFile = Main;
				INFOPLIST_KEY_UISupportedInterfaceOrientations_iPad = "UIInterfaceOrientationPortrait UIInterfaceOrientationPortraitUpsideDown UIInterfaceOrientationLandscapeLeft UIInterfaceOrientationLandscapeRight";
				INFOPLIST_KEY_UISupportedInterfaceOrientations_iPhone = "UIInterfaceOrientationPortrait UIInterfaceOrientationLandscapeLeft UIInterfaceOrientationLandscapeRight";
				IPHONEOS_DEPLOYMENT_TARGET = 17.0;
				LD_RUNPATH_SEARCH_PATHS = (
					"$(inherited)",
					"@executable_path/Frameworks",
				);
				MARKETING_VERSION = 1.0;
				PRODUCT_BUNDLE_IDENTIFIER = com.rrybachcenko.MessagerSwift;
				PRODUCT_NAME = "$(TARGET_NAME)";
				SWIFT_EMIT_LOC_STRINGS = YES;
				SWIFT_VERSION = 5.0;
				TARGETED_DEVICE_FAMILY = "1,2";
			};
			name = Debug;
		};
		0524D9C12C4A8A7200DD8541 /* Release */ = {
			isa = XCBuildConfiguration;
			buildSettings = {
				ASSETCATALOG_COMPILER_APPICON_NAME = AppIcon;
				ASSETCATALOG_COMPILER_GLOBAL_ACCENT_COLOR_NAME = AccentColor;
				CODE_SIGN_STYLE = Automatic;
				CURRENT_PROJECT_VERSION = 1;
				DEVELOPMENT_TEAM = UHJFHS6M7R;
				GENERATE_INFOPLIST_FILE = YES;
				INFOPLIST_FILE = MessagerSwift/Info.plist;
				INFOPLIST_KEY_CFBundleDisplayName = TestMessager;
				INFOPLIST_KEY_LSApplicationCategoryType = "public.app-category.entertainment";
				INFOPLIST_KEY_UIApplicationSupportsIndirectInputEvents = YES;
				INFOPLIST_KEY_UILaunchStoryboardName = LaunchScreen;
				INFOPLIST_KEY_UIMainStoryboardFile = Main;
				INFOPLIST_KEY_UISupportedInterfaceOrientations_iPad = "UIInterfaceOrientationPortrait UIInterfaceOrientationPortraitUpsideDown UIInterfaceOrientationLandscapeLeft UIInterfaceOrientationLandscapeRight";
				INFOPLIST_KEY_UISupportedInterfaceOrientations_iPhone = "UIInterfaceOrientationPortrait UIInterfaceOrientationLandscapeLeft UIInterfaceOrientationLandscapeRight";
				IPHONEOS_DEPLOYMENT_TARGET = 17.0;
				LD_RUNPATH_SEARCH_PATHS = (
					"$(inherited)",
					"@executable_path/Frameworks",
				);
				MARKETING_VERSION = 1.0;
				PRODUCT_BUNDLE_IDENTIFIER = com.rrybachcenko.MessagerSwift;
				PRODUCT_NAME = "$(TARGET_NAME)";
				SWIFT_EMIT_LOC_STRINGS = YES;
				SWIFT_VERSION = 5.0;
				TARGETED_DEVICE_FAMILY = "1,2";
			};
			name = Release;
		};
/* End XCBuildConfiguration section */

/* Begin XCConfigurationList section */
		0524D9A62C4A8A7000DD8541 /* Build configuration list for PBXProject "MessagerSwift" */ = {
			isa = XCConfigurationList;
			buildConfigurations = (
				0524D9BD2C4A8A7200DD8541 /* Debug */,
				0524D9BE2C4A8A7200DD8541 /* Release */,
			);
			defaultConfigurationIsVisible = 0;
			defaultConfigurationName = Release;
		};
		0524D9BF2C4A8A7200DD8541 /* Build configuration list for PBXNativeTarget "MessagerSwift" */ = {
			isa = XCConfigurationList;
			buildConfigurations = (
				0524D9C02C4A8A7200DD8541 /* Debug */,
				0524D9C12C4A8A7200DD8541 /* Release */,
			);
			defaultConfigurationIsVisible = 0;
			defaultConfigurationName = Release;
		};
/* End XCConfigurationList section */
	};
	rootObject = 0524D9A32C4A8A7000DD8541 /* Project object */;
}
