// !$*UTF8*$!
{
	archiveVersion = 1;
	classes = {
	};
	objectVersion = 56;
	objects = {

/* Begin PBXBuildFile section */
		0524D9AF2C4A8A7000DD8541 /* AppDelegate.swift in Sources */ = {isa = PBXBuildFile; fileRef = 0524D9AE2C4A8A7000DD8541 /* AppDelegate.swift */; };
		0524D9B12C4A8A7000DD8541 /* SceneDelegate.swift in Sources */ = {isa = PBXBuildFile; fileRef = 0524D9B02C4A8A7000DD8541 /* SceneDelegate.swift */; };
		0524D9B32C4A8A7000DD8541 /* ChatViewController.swift in Sources */ = {isa = PBXBuildFile; fileRef = 0524D9B22C4A8A7000DD8541 /* ChatViewController.swift */; };
		0524D9B62C4A8A7000DD8541 /* Base in Resources */ = {isa = PBXBuildFile; fileRef = 0524D9B52C4A8A7000DD8541 /* Base */; };
		0524D9B82C4A8A7200DD8541 /* Assets.xcassets in Resources */ = {isa = PBXBuildFile; fileRef = 0524D9B72C4A8A7200DD8541 /* Assets.xcassets */; };
		0524D9BB2C4A8A7200DD8541 /* Base in Resources */ = {isa = PBXBuildFile; fileRef = 0524D9BA2C4A8A7200DD8541 /* Base */; };
		0524D9C72C4AB2D500DD8541 /* ReusableCell.swift in Sources */ = {isa = PBXBuildFile; fileRef = 0524D9C62C4AB2D500DD8541 /* ReusableCell.swift */; };
		0524D9C92C4AB35600DD8541 /* NibMakable.swift in Sources */ = {isa = PBXBuildFile; fileRef = 0524D9C82C4AB35600DD8541 /* NibMakable.swift */; };
		0524D9CC2C4AB68500DD8541 /* UICollectionView.swift in Sources */ = {isa = PBXBuildFile; fileRef = 0524D9CB2C4AB68500DD8541 /* UICollectionView.swift */; };
		0524D9D02C4ABC9100DD8541 /* ChatViewModel.swift in Sources */ = {isa = PBXBuildFile; fileRef = 0524D9CF2C4ABC9100DD8541 /* ChatViewModel.swift */; };
		0524D9D22C4ABD1300DD8541 /* ChatMessage.swift in Sources */ = {isa = PBXBuildFile; fileRef = 0524D9D12C4ABD1300DD8541 /* ChatMessage.swift */; };
		0524D9D42C4ABD9500DD8541 /* Array.swift in Sources */ = {isa = PBXBuildFile; fileRef = 0524D9D32C4ABD9500DD8541 /* Array.swift */; };
		0524D9DB2C4AC83300DD8541 /* UITableView.swift in Sources */ = {isa = PBXBuildFile; fileRef = 0524D9DA2C4AC83300DD8541 /* UITableView.swift */; };
		0524D9DE2C4ACBF400DD8541 /* SendMessageTextView.swift in Sources */ = {isa = PBXBuildFile; fileRef = 0524D9DD2C4ACBF400DD8541 /* SendMessageTextView.swift */; };
		0524D9E02C4ACE9900DD8541 /* UIView.swift in Sources */ = {isa = PBXBuildFile; fileRef = 0524D9DF2C4ACE9900DD8541 /* UIView.swift */; };
		0524D9E22C4AD03E00DD8541 /* SendMessageTextView.xib in Resources */ = {isa = PBXBuildFile; fileRef = 0524D9E12C4AD03E00DD8541 /* SendMessageTextView.xib */; };
		0524D9E82C4AF3CF00DD8541 /* Storyboardable.swift in Sources */ = {isa = PBXBuildFile; fileRef = 0524D9E72C4AF3CF00DD8541 /* Storyboardable.swift */; };
		0524D9EA2C4AF76500DD8541 /* UIDevice.swift in Sources */ = {isa = PBXBuildFile; fileRef = 0524D9E92C4AF76500DD8541 /* UIDevice.swift */; };
		05B2C02F2C4D89640081E3C0 /* ChatMessageActionType.swift in Sources */ = {isa = PBXBuildFile; fileRef = 05B2C02E2C4D89640081E3C0 /* ChatMessageActionType.swift */; };
		05B2C0312C4D97080081E3C0 /* TextToSpeechUtility.swift in Sources */ = {isa = PBXBuildFile; fileRef = 05B2C0302C4D97080081E3C0 /* TextToSpeechUtility.swift */; };
		05B2C0332C4D99ED0081E3C0 /* AlertsManager.swift in Sources */ = {isa = PBXBuildFile; fileRef = 05B2C0322C4D99ED0081E3C0 /* AlertsManager.swift */; };
		05B2C0352C4DB6740081E3C0 /* ImagePickerManager.swift in Sources */ = {isa = PBXBuildFile; fileRef = 05B2C0342C4DB6740081E3C0 /* ImagePickerManager.swift */; };
		05B2C0372C4DB8E10081E3C0 /* UIImage.swift in Sources */ = {isa = PBXBuildFile; fileRef = 05B2C0362C4DB8E10081E3C0 /* UIImage.swift */; };
		05FC1C4E2C4BD64200376EFD /* ChatService.swift in Sources */ = {isa = PBXBuildFile; fileRef = 05FC1C4D2C4BD64200376EFD /* ChatService.swift */; };
		05FC1C502C4BD89D00376EFD /* ChatRoom.swift in Sources */ = {isa = PBXBuildFile; fileRef = 05FC1C4F2C4BD89C00376EFD /* ChatRoom.swift */; };
		05FC1C522C4BD92E00376EFD /* ChatParticipant.swift in Sources */ = {isa = PBXBuildFile; fileRef = 05FC1C512C4BD92E00376EFD /* ChatParticipant.swift */; };
		05FC1C542C4C4DA300376EFD /* ChatMessageViewModel.swift in Sources */ = {isa = PBXBuildFile; fileRef = 05FC1C532C4C4DA300376EFD /* ChatMessageViewModel.swift */; };
		05FC1C562C4C52FC00376EFD /* String.swift in Sources */ = {isa = PBXBuildFile; fileRef = 05FC1C552C4C52FC00376EFD /* String.swift */; };
		05FC1C5A2C4D2DA400376EFD /* OutgoingMessageCell.xib in Resources */ = {isa = PBXBuildFile; fileRef = 05FC1C592C4D2DA400376EFD /* OutgoingMessageCell.xib */; };
		05FC1C5B2C4D2DA400376EFD /* OutgoingMessageCell.swift in Sources */ = {isa = PBXBuildFile; fileRef = 05FC1C582C4D2DA400376EFD /* OutgoingMessageCell.swift */; };
		05FC1C5D2C4D2E5A00376EFD /* RootChatMessageCell.swift in Sources */ = {isa = PBXBuildFile; fileRef = 05FC1C5C2C4D2E5A00376EFD /* RootChatMessageCell.swift */; };
		05FC1C5F2C4D3E9100376EFD /* Date.swift in Sources */ = {isa = PBXBuildFile; fileRef = 05FC1C5E2C4D3E9100376EFD /* Date.swift */; };
		05FC1C622C4D3EE400376EFD /* MSDateFormatter.swift in Sources */ = {isa = PBXBuildFile; fileRef = 05FC1C612C4D3EE400376EFD /* MSDateFormatter.swift */; };
		05FC1C652C4D426400376EFD /* IncomingMessageCell.xib in Resources */ = {isa = PBXBuildFile; fileRef = 05FC1C642C4D426400376EFD /* IncomingMessageCell.xib */; };
		05FC1C662C4D426400376EFD /* IncomingMessageCell.swift in Sources */ = {isa = PBXBuildFile; fileRef = 05FC1C632C4D426400376EFD /* IncomingMessageCell.swift */; };
		05FC1C692C4D6A3000376EFD /* Kingfisher in Frameworks */ = {isa = PBXBuildFile; productRef = 05FC1C682C4D6A2F00376EFD /* Kingfisher */; };
/* End PBXBuildFile section */

/* Begin PBXFileReference section */
		0524D9AB2C4A8A7000DD8541 /* MessagerSwift.app */ = {isa = PBXFileReference; explicitFileType = wrapper.application; includeInIndex = 0; path = MessagerSwift.app; sourceTree = BUILT_PRODUCTS_DIR; };
		0524D9AE2C4A8A7000DD8541 /* AppDelegate.swift */ = {isa = PBXFileReference; lastKnownFileType = sourcecode.swift; path = AppDelegate.swift; sourceTree = "<group>"; };
		0524D9B02C4A8A7000DD8541 /* SceneDelegate.swift */ = {isa = PBXFileReference; lastKnownFileType = sourcecode.swift; path = SceneDelegate.swift; sourceTree = "<group>"; };
		0524D9B22C4A8A7000DD8541 /* ChatViewController.swift */ = {isa = PBXFileReference; lastKnownFileType = sourcecode.swift; path = ChatViewController.swift; sourceTree = "<group>"; };
		0524D9B52C4A8A7000DD8541 /* Base */ = {isa = PBXFileReference; lastKnownFileType = file.storyboard; name = Base; path = Base.lproj/Main.storyboard; sourceTree = "<group>"; };
		0524D9B72C4A8A7200DD8541 /* Assets.xcassets */ = {isa = PBXFileReference; lastKnownFileType = folder.assetcatalog; path = Assets.xcassets; sourceTree = "<group>"; };
		0524D9BA2C4A8A7200DD8541 /* Base */ = {isa = PBXFileReference; lastKnownFileType = file.storyboard; name = Base; path = Base.lproj/LaunchScreen.storyboard; sourceTree = "<group>"; };
		0524D9BC2C4A8A7200DD8541 /* Info.plist */ = {isa = PBXFileReference; lastKnownFileType = text.plist.xml; path = Info.plist; sourceTree = "<group>"; };
		0524D9C62C4AB2D500DD8541 /* ReusableCell.swift */ = {isa = PBXFileReference; lastKnownFileType = sourcecode.swift; path = ReusableCell.swift; sourceTree = "<group>"; };
		0524D9C82C4AB35600DD8541 /* NibMakable.swift */ = {isa = PBXFileReference; lastKnownFileType = sourcecode.swift; path = NibMakable.swift; sourceTree = "<group>"; };
		0524D9CB2C4AB68500DD8541 /* UICollectionView.swift */ = {isa = PBXFileReference; lastKnownFileType = sourcecode.swift; path = UICollectionView.swift; sourceTree = "<group>"; };
		0524D9CF2C4ABC9100DD8541 /* ChatViewModel.swift */ = {isa = PBXFileReference; lastKnownFileType = sourcecode.swift; path = ChatViewModel.swift; sourceTree = "<group>"; };
		0524D9D12C4ABD1300DD8541 /* ChatMessage.swift */ = {isa = PBXFileReference; lastKnownFileType = sourcecode.swift; path = ChatMessage.swift; sourceTree = "<group>"; };
		0524D9D32C4ABD9500DD8541 /* Array.swift */ = {isa = PBXFileReference; lastKnownFileType = sourcecode.swift; path = Array.swift; sourceTree = "<group>"; };
		0524D9DA2C4AC83300DD8541 /* UITableView.swift */ = {isa = PBXFileReference; lastKnownFileType = sourcecode.swift; path = UITableView.swift; sourceTree = "<group>"; };
		0524D9DD2C4ACBF400DD8541 /* SendMessageTextView.swift */ = {isa = PBXFileReference; lastKnownFileType = sourcecode.swift; path = SendMessageTextView.swift; sourceTree = "<group>"; };
		0524D9DF2C4ACE9900DD8541 /* UIView.swift */ = {isa = PBXFileReference; lastKnownFileType = sourcecode.swift; path = UIView.swift; sourceTree = "<group>"; };
		0524D9E12C4AD03E00DD8541 /* SendMessageTextView.xib */ = {isa = PBXFileReference; lastKnownFileType = file.xib; path = SendMessageTextView.xib; sourceTree = "<group>"; };
		0524D9E72C4AF3CF00DD8541 /* Storyboardable.swift */ = {isa = PBXFileReference; lastKnownFileType = sourcecode.swift; path = Storyboardable.swift; sourceTree = "<group>"; };
		0524D9E92C4AF76500DD8541 /* UIDevice.swift */ = {isa = PBXFileReference; lastKnownFileType = sourcecode.swift; path = UIDevice.swift; sourceTree = "<group>"; };
		05B2C02E2C4D89640081E3C0 /* ChatMessageActionType.swift */ = {isa = PBXFileReference; lastKnownFileType = sourcecode.swift; path = ChatMessageActionType.swift; sourceTree = "<group>"; };
		05B2C0302C4D97080081E3C0 /* TextToSpeechUtility.swift */ = {isa = PBXFileReference; lastKnownFileType = sourcecode.swift; path = TextToSpeechUtility.swift; sourceTree = "<group>"; };
		05B2C0322C4D99ED0081E3C0 /* AlertsManager.swift */ = {isa = PBXFileReference; lastKnownFileType = sourcecode.swift; path = AlertsManager.swift; sourceTree = "<group>"; };
		05B2C0342C4DB6740081E3C0 /* ImagePickerManager.swift */ = {isa = PBXFileReference; lastKnownFileType = sourcecode.swift; path = ImagePickerManager.swift; sourceTree = "<group>"; };
		05B2C0362C4DB8E10081E3C0 /* UIImage.swift */ = {isa = PBXFileReference; lastKnownFileType = sourcecode.swift; path = UIImage.swift; sourceTree = "<group>"; };
		05FC1C4D2C4BD64200376EFD /* ChatService.swift */ = {isa = PBXFileReference; lastKnownFileType = sourcecode.swift; path = ChatService.swift; sourceTree = "<group>"; };
		05FC1C4F2C4BD89C00376EFD /* ChatRoom.swift */ = {isa = PBXFileReference; lastKnownFileType = sourcecode.swift; path = ChatRoom.swift; sourceTree = "<group>"; };
		05FC1C512C4BD92E00376EFD /* ChatParticipant.swift */ = {isa = PBXFileReference; lastKnownFileType = sourcecode.swift; path = ChatParticipant.swift; sourceTree = "<group>"; };
		05FC1C532C4C4DA300376EFD /* ChatMessageViewModel.swift */ = {isa = PBXFileReference; lastKnownFileType = sourcecode.swift; path = ChatMessageViewModel.swift; sourceTree = "<group>"; };
		05FC1C552C4C52FC00376EFD /* String.swift */ = {isa = PBXFileReference; lastKnownFileType = sourcecode.swift; path = String.swift; sourceTree = "<group>"; };
		05FC1C582C4D2DA400376EFD /* OutgoingMessageCell.swift */ = {isa = PBXFileReference; lastKnownFileType = sourcecode.swift; path = OutgoingMessageCell.swift; sourceTree = "<group>"; };
		05FC1C592C4D2DA400376EFD /* OutgoingMessageCell.xib */ = {isa = PBXFileReference; lastKnownFileType = file.xib; path = OutgoingMessageCell.xib; sourceTree = "<group>"; };
		05FC1C5C2C4D2E5A00376EFD /* RootChatMessageCell.swift */ = {isa = PBXFileReference; lastKnownFileType = sourcecode.swift; path = RootChatMessageCell.swift; sourceTree = "<group>"; };
		05FC1C5E2C4D3E9100376EFD /* Date.swift */ = {isa = PBXFileReference; lastKnownFileType = sourcecode.swift; path = Date.swift; sourceTree = "<group>"; };
		05FC1C612C4D3EE400376EFD /* MSDateFormatter.swift */ = {isa = PBXFileReference; lastKnownFileType = sourcecode.swift; path = MSDateFormatter.swift; sourceTree = "<group>"; };
		05FC1C632C4D426400376EFD /* IncomingMessageCell.swift */ = {isa = PBXFileReference; lastKnownFileType = sourcecode.swift; path = IncomingMessageCell.swift; sourceTree = "<group>"; };
		05FC1C642C4D426400376EFD /* IncomingMessageCell.xib */ = {isa = PBXFileReference; lastKnownFileType = file.xib; path = IncomingMessageCell.xib; sourceTree = "<group>"; };
/* End PBXFileReference section */

/* Begin PBXFrameworksBuildPhase section */
		0524D9A82C4A8A7000DD8541 /* Frameworks */ = {
			isa = PBXFrameworksBuildPhase;
			buildActionMask = 2147483647;
			files = (
				05FC1C692C4D6A3000376EFD /* Kingfisher in Frameworks */,
			);
			runOnlyForDeploymentPostprocessing = 0;
		};
/* End PBXFrameworksBuildPhase section */

/* Begin PBXGroup section */
		0524D9A22C4A8A7000DD8541 = {
			isa = PBXGroup;
			children = (
				0524D9AD2C4A8A7000DD8541 /* MessagerSwift */,
				0524D9AC2C4A8A7000DD8541 /* Products */,
			);
			sourceTree = "<group>";
		};
		0524D9AC2C4A8A7000DD8541 /* Products */ = {
			isa = PBXGroup;
			children = (
				0524D9AB2C4A8A7000DD8541 /* MessagerSwift.app */,
			);
			name = Products;
			sourceTree = "<group>";
		};
		0524D9AD2C4A8A7000DD8541 /* MessagerSwift */ = {
			isa = PBXGroup;
			children = (
				0524D9C32C4AAF7300DD8541 /* App */,
				05FC1C602C4D3ECB00376EFD /* Helpers */,
				0524D9C52C4AB29E00DD8541 /* Protocols */,
				0524D9CA2C4AB39700DD8541 /* Extensions */,
				05FC1C4A2C4BD5B300376EFD /* Services */,
				0524D9C42C4AAF9100DD8541 /* Chat */,
				0524D9C22C4AAF5C00DD8541 /* Resources */,
				0524D9BC2C4A8A7200DD8541 /* Info.plist */,
			);
			path = MessagerSwift;
			sourceTree = "<group>";
		};
		0524D9C22C4AAF5C00DD8541 /* Resources */ = {
			isa = PBXGroup;
			children = (
				0524D9CD2C4AB6AB00DD8541 /* Storyboards */,
				0524D9CE2C4AB6C000DD8541 /* Assets */,
			);
			path = Resources;
			sourceTree = "<group>";
		};
		0524D9C32C4AAF7300DD8541 /* App */ = {
			isa = PBXGroup;
			children = (
				0524D9AE2C4A8A7000DD8541 /* AppDelegate.swift */,
				0524D9B02C4A8A7000DD8541 /* SceneDelegate.swift */,
			);
			path = App;
			sourceTree = "<group>";
		};
		0524D9C42C4AAF9100DD8541 /* Chat */ = {
			isa = PBXGroup;
			children = (
				0524D9B22C4A8A7000DD8541 /* ChatViewController.swift */,
				0524D9D62C4ABF0000DD8541 /* Models */,
				0524D9D72C4ABF1000DD8541 /* ViewModels */,
				0524D9D52C4ABED800DD8541 /* CustomViews */,
			);
			path = Chat;
			sourceTree = "<group>";
		};
		0524D9C52C4AB29E00DD8541 /* Protocols */ = {
			isa = PBXGroup;
			children = (
				0524D9C62C4AB2D500DD8541 /* ReusableCell.swift */,
				0524D9C82C4AB35600DD8541 /* NibMakable.swift */,
				0524D9E72C4AF3CF00DD8541 /* Storyboardable.swift */,
			);
			path = Protocols;
			sourceTree = "<group>";
		};
		0524D9CA2C4AB39700DD8541 /* Extensions */ = {
			isa = PBXGroup;
			children = (
				0524D9DF2C4ACE9900DD8541 /* UIView.swift */,
				0524D9CB2C4AB68500DD8541 /* UICollectionView.swift */,
				0524D9DA2C4AC83300DD8541 /* UITableView.swift */,
				0524D9E92C4AF76500DD8541 /* UIDevice.swift */,
				0524D9D32C4ABD9500DD8541 /* Array.swift */,
				05FC1C552C4C52FC00376EFD /* String.swift */,
				05FC1C5E2C4D3E9100376EFD /* Date.swift */,
				05B2C0362C4DB8E10081E3C0 /* UIImage.swift */,
			);
			path = Extensions;
			sourceTree = "<group>";
		};
		0524D9CD2C4AB6AB00DD8541 /* Storyboards */ = {
			isa = PBXGroup;
			children = (
				0524D9B42C4A8A7000DD8541 /* Main.storyboard */,
				0524D9B92C4A8A7200DD8541 /* LaunchScreen.storyboard */,
			);
			path = Storyboards;
			sourceTree = "<group>";
		};
		0524D9CE2C4AB6C000DD8541 /* Assets */ = {
			isa = PBXGroup;
			children = (
				0524D9B72C4A8A7200DD8541 /* Assets.xcassets */,
			);
			path = Assets;
			sourceTree = "<group>";
		};
		0524D9D52C4ABED800DD8541 /* CustomViews */ = {
			isa = PBXGroup;
			children = (
				05FC1C572C4D2D6300376EFD /* TableViewCells */,
				0524D9DD2C4ACBF400DD8541 /* SendMessageTextView.swift */,
				0524D9E12C4AD03E00DD8541 /* SendMessageTextView.xib */,
			);
			path = CustomViews;
			sourceTree = "<group>";
		};
		0524D9D62C4ABF0000DD8541 /* Models */ = {
			isa = PBXGroup;
			children = (
				05FC1C4F2C4BD89C00376EFD /* ChatRoom.swift */,
				0524D9D12C4ABD1300DD8541 /* ChatMessage.swift */,
				05FC1C512C4BD92E00376EFD /* ChatParticipant.swift */,
				05B2C02E2C4D89640081E3C0 /* ChatMessageActionType.swift */,
			);
			path = Models;
			sourceTree = "<group>";
		};
		0524D9D72C4ABF1000DD8541 /* ViewModels */ = {
			isa = PBXGroup;
			children = (
				0524D9CF2C4ABC9100DD8541 /* ChatViewModel.swift */,
				05FC1C532C4C4DA300376EFD /* ChatMessageViewModel.swift */,
			);
			path = ViewModels;
			sourceTree = "<group>";
		};
		05FC1C4A2C4BD5B300376EFD /* Services */ = {
			isa = PBXGroup;
			children = (
				05FC1C4D2C4BD64200376EFD /* ChatService.swift */,
				05B2C0322C4D99ED0081E3C0 /* AlertsManager.swift */,
				05B2C0342C4DB6740081E3C0 /* ImagePickerManager.swift */,
			);
			path = Services;
			sourceTree = "<group>";
		};
		05FC1C572C4D2D6300376EFD /* TableViewCells */ = {
			isa = PBXGroup;
			children = (
				05FC1C5C2C4D2E5A00376EFD /* RootChatMessageCell.swift */,
				05FC1C582C4D2DA400376EFD /* OutgoingMessageCell.swift */,
				05FC1C592C4D2DA400376EFD /* OutgoingMessageCell.xib */,
				05FC1C632C4D426400376EFD /* IncomingMessageCell.swift */,
				05FC1C642C4D426400376EFD /* IncomingMessageCell.xib */,
			);
			path = TableViewCells;
			sourceTree = "<group>";
		};
		05FC1C602C4D3ECB00376EFD /* Helpers */ = {
			isa = PBXGroup;
			children = (
				05FC1C612C4D3EE400376EFD /* MSDateFormatter.swift */,
				05B2C0302C4D97080081E3C0 /* TextToSpeechUtility.swift */,
			);
			path = Helpers;
			sourceTree = "<group>";
		};
/* End PBXGroup section */

/* Begin PBXNativeTarget section */
		0524D9AA2C4A8A7000DD8541 /* MessagerSwift */ = {
			isa = PBXNativeTarget;
			buildConfigurationList = 0524D9BF2C4A8A7200DD8541 /* Build configuration list for PBXNativeTarget "MessagerSwift" */;
			buildPhases = (
				0524D9A72C4A8A7000DD8541 /* Sources */,
				0524D9A82C4A8A7000DD8541 /* Frameworks */,
				0524D9A92C4A8A7000DD8541 /* Resources */,
			);
			buildRules = (
			);
			dependencies = (
			);
			name = MessagerSwift;
			packageProductDependencies = (
				05FC1C682C4D6A2F00376EFD /* Kingfisher */,
			);
			productName = MessagerSwift;
			productReference = 0524D9AB2C4A8A7000DD8541 /* MessagerSwift.app */;
			productType = "com.apple.product-type.application";
		};
/* End PBXNativeTarget section */

/* Begin PBXProject section */
		0524D9A32C4A8A7000DD8541 /* Project object */ = {
			isa = PBXProject;
			attributes = {
				BuildIndependentTargetsInParallel = 1;
				LastSwiftUpdateCheck = 1540;
				LastUpgradeCheck = 1540;
				TargetAttributes = {
					0524D9AA2C4A8A7000DD8541 = {
						CreatedOnToolsVersion = 15.4;
					};
				};
			};
			buildConfigurationList = 0524D9A62C4A8A7000DD8541 /* Build configuration list for PBXProject "MessagerSwift" */;
			compatibilityVersion = "Xcode 14.0";
			developmentRegion = en;
			hasScannedForEncodings = 0;
			knownRegions = (
				en,
				Base,
			);
			mainGroup = 0524D9A22C4A8A7000DD8541;
			packageReferences = (
				05FC1C672C4D6A2F00376EFD /* XCRemoteSwiftPackageReference "Kingfisher" */,
			);
			productRefGroup = 0524D9AC2C4A8A7000DD8541 /* Products */;
			projectDirPath = "";
			projectRoot = "";
			targets = (
				0524D9AA2C4A8A7000DD8541 /* MessagerSwift */,
			);
		};
/* End PBXProject section */

/* Begin PBXResourcesBuildPhase section */
		0524D9A92C4A8A7000DD8541 /* Resources */ = {
			isa = PBXResourcesBuildPhase;
			buildActionMask = 2147483647;
			files = (
				0524D9B82C4A8A7200DD8541 /* Assets.xcassets in Resources */,
				05FC1C652C4D426400376EFD /* IncomingMessageCell.xib in Resources */,
				0524D9BB2C4A8A7200DD8541 /* Base in Resources */,
				0524D9E22C4AD03E00DD8541 /* SendMessageTextView.xib in Resources */,
				05FC1C5A2C4D2DA400376EFD /* OutgoingMessageCell.xib in Resources */,
				0524D9B62C4A8A7000DD8541 /* Base in Resources */,
			);
			runOnlyForDeploymentPostprocessing = 0;
		};
/* End PBXResourcesBuildPhase section */

/* Begin PBXSourcesBuildPhase section */
		0524D9A72C4A8A7000DD8541 /* Sources */ = {
			isa = PBXSourcesBuildPhase;
			buildActionMask = 2147483647;
			files = (
				05FC1C562C4C52FC00376EFD /* String.swift in Sources */,
				0524D9D42C4ABD9500DD8541 /* Array.swift in Sources */,
				0524D9CC2C4AB68500DD8541 /* UICollectionView.swift in Sources */,
				0524D9E82C4AF3CF00DD8541 /* Storyboardable.swift in Sources */,
				0524D9D22C4ABD1300DD8541 /* ChatMessage.swift in Sources */,
				05FC1C5B2C4D2DA400376EFD /* OutgoingMessageCell.swift in Sources */,
				0524D9D02C4ABC9100DD8541 /* ChatViewModel.swift in Sources */,
				0524D9E02C4ACE9900DD8541 /* UIView.swift in Sources */,
				05FC1C522C4BD92E00376EFD /* ChatParticipant.swift in Sources */,
				05FC1C622C4D3EE400376EFD /* MSDateFormatter.swift in Sources */,
				0524D9C72C4AB2D500DD8541 /* ReusableCell.swift in Sources */,
				05FC1C542C4C4DA300376EFD /* ChatMessageViewModel.swift in Sources */,
				0524D9B32C4A8A7000DD8541 /* ChatViewController.swift in Sources */,
				05FC1C5D2C4D2E5A00376EFD /* RootChatMessageCell.swift in Sources */,
				05B2C0332C4D99ED0081E3C0 /* AlertsManager.swift in Sources */,
				05FC1C4E2C4BD64200376EFD /* ChatService.swift in Sources */,
				0524D9AF2C4A8A7000DD8541 /* AppDelegate.swift in Sources */,
				05B2C02F2C4D89640081E3C0 /* ChatMessageActionType.swift in Sources */,
				0524D9DB2C4AC83300DD8541 /* UITableView.swift in Sources */,
				05B2C0372C4DB8E10081E3C0 /* UIImage.swift in Sources */,
				05FC1C502C4BD89D00376EFD /* ChatRoom.swift in Sources */,
				0524D9DE2C4ACBF400DD8541 /* SendMessageTextView.swift in Sources */,
				0524D9C92C4AB35600DD8541 /* NibMakable.swift in Sources */,
				05FC1C5F2C4D3E9100376EFD /* Date.swift in Sources */,
				05B2C0352C4DB6740081E3C0 /* ImagePickerManager.swift in Sources */,
				05B2C0312C4D97080081E3C0 /* TextToSpeechUtility.swift in Sources */,
				05FC1C662C4D426400376EFD /* IncomingMessageCell.swift in Sources */,
				0524D9B12C4A8A7000DD8541 /* SceneDelegate.swift in Sources */,
				0524D9EA2C4AF76500DD8541 /* UIDevice.swift in Sources */,
			);
			runOnlyForDeploymentPostprocessing = 0;
		};
/* End PBXSourcesBuildPhase section */

/* Begin PBXVariantGroup section */
		0524D9B42C4A8A7000DD8541 /* Main.storyboard */ = {
			isa = PBXVariantGroup;
			children = (
				0524D9B52C4A8A7000DD8541 /* Base */,
			);
			name = Main.storyboard;
			sourceTree = "<group>";
		};
		0524D9B92C4A8A7200DD8541 /* LaunchScreen.storyboard */ = {
			isa = PBXVariantGroup;
			children = (
				0524D9BA2C4A8A7200DD8541 /* Base */,
			);
			name = LaunchScreen.storyboard;
			sourceTree = "<group>";
		};
/* End PBXVariantGroup section */

/* Begin XCBuildConfiguration section */
		0524D9BD2C4A8A7200DD8541 /* Debug */ = {
			isa = XCBuildConfiguration;
			buildSettings = {
				ALWAYS_SEARCH_USER_PATHS = NO;
				ASSETCATALOG_COMPILER_GENERATE_SWIFT_ASSET_SYMBOL_EXTENSIONS = YES;
				CLANG_ANALYZER_NONNULL = YES;
				CLANG_ANALYZER_NUMBER_OBJECT_CONVERSION = YES_AGGRESSIVE;
				CLANG_CXX_LANGUAGE_STANDARD = "gnu++20";
				CLANG_ENABLE_MODULES = YES;
				CLANG_ENABLE_OBJC_ARC = YES;
				CLANG_ENABLE_OBJC_WEAK = YES;
				CLANG_WARN_BLOCK_CAPTURE_AUTORELEASING = YES;
				CLANG_WARN_BOOL_CONVERSION = YES;
				CLANG_WARN_COMMA = YES;
				CLANG_WARN_CONSTANT_CONVERSION = YES;
				CLANG_WARN_DEPRECATED_OBJC_IMPLEMENTATIONS = YES;
				CLANG_WARN_DIRECT_OBJC_ISA_USAGE = YES_ERROR;
				CLANG_WARN_DOCUMENTATION_COMMENTS = YES;
				CLANG_WARN_EMPTY_BODY = YES;
				CLANG_WARN_ENUM_CONVERSION = YES;
				CLANG_WARN_INFINITE_RECURSION = YES;
				CLANG_WARN_INT_CONVERSION = YES;
				CLANG_WARN_NON_LITERAL_NULL_CONVERSION = YES;
				CLANG_WARN_OBJC_IMPLICIT_RETAIN_SELF = YES;
				CLANG_WARN_OBJC_LITERAL_CONVERSION = YES;
				CLANG_WARN_OBJC_ROOT_CLASS = YES_ERROR;
				CLANG_WARN_QUOTED_INCLUDE_IN_FRAMEWORK_HEADER = YES;
				CLANG_WARN_RANGE_LOOP_ANALYSIS = YES;
				CLANG_WARN_STRICT_PROTOTYPES = YES;
				CLANG_WARN_SUSPICIOUS_MOVE = YES;
				CLANG_WARN_UNGUARDED_AVAILABILITY = YES_AGGRESSIVE;
				CLANG_WARN_UNREACHABLE_CODE = YES;
				CLANG_WARN__DUPLICATE_METHOD_MATCH = YES;
				COPY_PHASE_STRIP = NO;
				DEBUG_INFORMATION_FORMAT = dwarf;
				ENABLE_STRICT_OBJC_MSGSEND = YES;
				ENABLE_TESTABILITY = YES;
				ENABLE_USER_SCRIPT_SANDBOXING = YES;
				GCC_C_LANGUAGE_STANDARD = gnu17;
				GCC_DYNAMIC_NO_PIC = NO;
				GCC_NO_COMMON_BLOCKS = YES;
				GCC_OPTIMIZATION_LEVEL = 0;
				GCC_PREPROCESSOR_DEFINITIONS = (
					"DEBUG=1",
					"$(inherited)",
				);
				GCC_WARN_64_TO_32_BIT_CONVERSION = YES;
				GCC_WARN_ABOUT_RETURN_TYPE = YES_ERROR;
				GCC_WARN_UNDECLARED_SELECTOR = YES;
				GCC_WARN_UNINITIALIZED_AUTOS = YES_AGGRESSIVE;
				GCC_WARN_UNUSED_FUNCTION = YES;
				GCC_WARN_UNUSED_VARIABLE = YES;
				IPHONEOS_DEPLOYMENT_TARGET = 17.5;
				LOCALIZATION_PREFERS_STRING_CATALOGS = YES;
				MTL_ENABLE_DEBUG_INFO = INCLUDE_SOURCE;
				MTL_FAST_MATH = YES;
				ONLY_ACTIVE_ARCH = YES;
				SDKROOT = iphoneos;
				SWIFT_ACTIVE_COMPILATION_CONDITIONS = "DEBUG $(inherited)";
				SWIFT_OPTIMIZATION_LEVEL = "-Onone";
			};
			name = Debug;
		};
		0524D9BE2C4A8A7200DD8541 /* Release */ = {
			isa = XCBuildConfiguration;
			buildSettings = {
				ALWAYS_SEARCH_USER_PATHS = NO;
				ASSETCATALOG_COMPILER_GENERATE_SWIFT_ASSET_SYMBOL_EXTENSIONS = YES;
				CLANG_ANALYZER_NONNULL = YES;
				CLANG_ANALYZER_NUMBER_OBJECT_CONVERSION = YES_AGGRESSIVE;
				CLANG_CXX_LANGUAGE_STANDARD = "gnu++20";
				CLANG_ENABLE_MODULES = YES;
				CLANG_ENABLE_OBJC_ARC = YES;
				CLANG_ENABLE_OBJC_WEAK = YES;
				CLANG_WARN_BLOCK_CAPTURE_AUTORELEASING = YES;
				CLANG_WARN_BOOL_CONVERSION = YES;
				CLANG_WARN_COMMA = YES;
				CLANG_WARN_CONSTANT_CONVERSION = YES;
				CLANG_WARN_DEPRECATED_OBJC_IMPLEMENTATIONS = YES;
				CLANG_WARN_DIRECT_OBJC_ISA_USAGE = YES_ERROR;
				CLANG_WARN_DOCUMENTATION_COMMENTS = YES;
				CLANG_WARN_EMPTY_BODY = YES;
				CLANG_WARN_ENUM_CONVERSION = YES;
				CLANG_WARN_INFINITE_RECURSION = YES;
				CLANG_WARN_INT_CONVERSION = YES;
				CLANG_WARN_NON_LITERAL_NULL_CONVERSION = YES;
				CLANG_WARN_OBJC_IMPLICIT_RETAIN_SELF = YES;
				CLANG_WARN_OBJC_LITERAL_CONVERSION = YES;
				CLANG_WARN_OBJC_ROOT_CLASS = YES_ERROR;
				CLANG_WARN_QUOTED_INCLUDE_IN_FRAMEWORK_HEADER = YES;
				CLANG_WARN_RANGE_LOOP_ANALYSIS = YES;
				CLANG_WARN_STRICT_PROTOTYPES = YES;
				CLANG_WARN_SUSPICIOUS_MOVE = YES;
				CLANG_WARN_UNGUARDED_AVAILABILITY = YES_AGGRESSIVE;
				CLANG_WARN_UNREACHABLE_CODE = YES;
				CLANG_WARN__DUPLICATE_METHOD_MATCH = YES;
				COPY_PHASE_STRIP = NO;
				DEBUG_INFORMATION_FORMAT = "dwarf-with-dsym";
				ENABLE_NS_ASSERTIONS = NO;
				ENABLE_STRICT_OBJC_MSGSEND = YES;
				ENABLE_USER_SCRIPT_SANDBOXING = YES;
				GCC_C_LANGUAGE_STANDARD = gnu17;
				GCC_NO_COMMON_BLOCKS = YES;
				GCC_WARN_64_TO_32_BIT_CONVERSION = YES;
				GCC_WARN_ABOUT_RETURN_TYPE = YES_ERROR;
				GCC_WARN_UNDECLARED_SELECTOR = YES;
				GCC_WARN_UNINITIALIZED_AUTOS = YES_AGGRESSIVE;
				GCC_WARN_UNUSED_FUNCTION = YES;
				GCC_WARN_UNUSED_VARIABLE = YES;
				IPHONEOS_DEPLOYMENT_TARGET = 17.5;
				LOCALIZATION_PREFERS_STRING_CATALOGS = YES;
				MTL_ENABLE_DEBUG_INFO = NO;
				MTL_FAST_MATH = YES;
				SDKROOT = iphoneos;
				SWIFT_COMPILATION_MODE = wholemodule;
				VALIDATE_PRODUCT = YES;
			};
			name = Release;
		};
		0524D9C02C4A8A7200DD8541 /* Debug */ = {
			isa = XCBuildConfiguration;
			buildSettings = {
				ASSETCATALOG_COMPILER_APPICON_NAME = AppIcon;
				ASSETCATALOG_COMPILER_GLOBAL_ACCENT_COLOR_NAME = AccentColor;
				CODE_SIGN_STYLE = Automatic;
				CURRENT_PROJECT_VERSION = 1;
				DEVELOPMENT_TEAM = UHJFHS6M7R;
				GENERATE_INFOPLIST_FILE = YES;
				INFOPLIST_FILE = MessagerSwift/Info.plist;
				INFOPLIST_KEY_CFBundleDisplayName = TestMessager;
				INFOPLIST_KEY_LSApplicationCategoryType = "public.app-category.entertainment";
				INFOPLIST_KEY_UIApplicationSupportsIndirectInputEvents = YES;
				INFOPLIST_KEY_UILaunchStoryboardName = LaunchScreen;
				INFOPLIST_KEY_UIMainStoryboardFile = Main;
				INFOPLIST_KEY_UISupportedInterfaceOrientations_iPad = "UIInterfaceOrientationPortrait UIInterfaceOrientationPortraitUpsideDown UIInterfaceOrientationLandscapeLeft UIInterfaceOrientationLandscapeRight";
				INFOPLIST_KEY_UISupportedInterfaceOrientations_iPhone = "UIInterfaceOrientationPortrait UIInterfaceOrientationLandscapeLeft UIInterfaceOrientationLandscapeRight";
				IPHONEOS_DEPLOYMENT_TARGET = 17.0;
				LD_RUNPATH_SEARCH_PATHS = (
					"$(inherited)",
					"@executable_path/Frameworks",
				);
				MARKETING_VERSION = 1.0;
				PRODUCT_BUNDLE_IDENTIFIER = com.rrybachcenko.MessagerSwift;
				PRODUCT_NAME = "$(TARGET_NAME)";
				SWIFT_EMIT_LOC_STRINGS = YES;
				SWIFT_VERSION = 5.0;
				TARGETED_DEVICE_FAMILY = "1,2";
			};
			name = Debug;
		};
		0524D9C12C4A8A7200DD8541 /* Release */ = {
			isa = XCBuildConfiguration;
			buildSettings = {
				ASSETCATALOG_COMPILER_APPICON_NAME = AppIcon;
				ASSETCATALOG_COMPILER_GLOBAL_ACCENT_COLOR_NAME = AccentColor;
				CODE_SIGN_STYLE = Automatic;
				CURRENT_PROJECT_VERSION = 1;
				DEVELOPMENT_TEAM = UHJFHS6M7R;
				GENERATE_INFOPLIST_FILE = YES;
				INFOPLIST_FILE = MessagerSwift/Info.plist;
				INFOPLIST_KEY_CFBundleDisplayName = TestMessager;
				INFOPLIST_KEY_LSApplicationCategoryType = "public.app-category.entertainment";
				INFOPLIST_KEY_UIApplicationSupportsIndirectInputEvents = YES;
				INFOPLIST_KEY_UILaunchStoryboardName = LaunchScreen;
				INFOPLIST_KEY_UIMainStoryboardFile = Main;
				INFOPLIST_KEY_UISupportedInterfaceOrientations_iPad = "UIInterfaceOrientationPortrait UIInterfaceOrientationPortraitUpsideDown UIInterfaceOrientationLandscapeLeft UIInterfaceOrientationLandscapeRight";
				INFOPLIST_KEY_UISupportedInterfaceOrientations_iPhone = "UIInterfaceOrientationPortrait UIInterfaceOrientationLandscapeLeft UIInterfaceOrientationLandscapeRight";
				IPHONEOS_DEPLOYMENT_TARGET = 17.0;
				LD_RUNPATH_SEARCH_PATHS = (
					"$(inherited)",
					"@executable_path/Frameworks",
				);
				MARKETING_VERSION = 1.0;
				PRODUCT_BUNDLE_IDENTIFIER = com.rrybachcenko.MessagerSwift;
				PRODUCT_NAME = "$(TARGET_NAME)";
				SWIFT_EMIT_LOC_STRINGS = YES;
				SWIFT_VERSION = 5.0;
				TARGETED_DEVICE_FAMILY = "1,2";
			};
			name = Release;
		};
/* End XCBuildConfiguration section */

/* Begin XCConfigurationList section */
		0524D9A62C4A8A7000DD8541 /* Build configuration list for PBXProject "MessagerSwift" */ = {
			isa = XCConfigurationList;
			buildConfigurations = (
				0524D9BD2C4A8A7200DD8541 /* Debug */,
				0524D9BE2C4A8A7200DD8541 /* Release */,
			);
			defaultConfigurationIsVisible = 0;
			defaultConfigurationName = Release;
		};
		0524D9BF2C4A8A7200DD8541 /* Build configuration list for PBXNativeTarget "MessagerSwift" */ = {
			isa = XCConfigurationList;
			buildConfigurations = (
				0524D9C02C4A8A7200DD8541 /* Debug */,
				0524D9C12C4A8A7200DD8541 /* Release */,
			);
			defaultConfigurationIsVisible = 0;
			defaultConfigurationName = Release;
		};
/* End XCConfigurationList section */

/* Begin XCRemoteSwiftPackageReference section */
		05FC1C672C4D6A2F00376EFD /* XCRemoteSwiftPackageReference "Kingfisher" */ = {
			isa = XCRemoteSwiftPackageReference;
			repositoryURL = "https://github.com/onevcat/Kingfisher";
			requirement = {
				kind = upToNextMajorVersion;
				minimumVersion = 7.12.0;
			};
		};
/* End XCRemoteSwiftPackageReference section */

/* Begin XCSwiftPackageProductDependency section */
		05FC1C682C4D6A2F00376EFD /* Kingfisher */ = {
			isa = XCSwiftPackageProductDependency;
			package = 05FC1C672C4D6A2F00376EFD /* XCRemoteSwiftPackageReference "Kingfisher" */;
			productName = Kingfisher;
		};
/* End XCSwiftPackageProductDependency section */
	};
	rootObject = 0524D9A32C4A8A7000DD8541 /* Project object */;
}
